
Microsoft Visual Studio Solution File, Format Version 12.00
# Visual Studio 15
VisualStudioVersion = 15.0.28307.421
MinimumVisualStudioVersion = 10.0.40219.1
Project("{FAE04EC0-301F-11D3-BF4B-00C04F79EFBC}") = "AtividadeBlog", "AtividadeBlog\AtividadeBlog.csproj", "{60F3E584-53DD-404F-8D2B-EDFC79821ABC}"
EndProject
Global
	GlobalSection(SolutionConfigurationPlatforms) = preSolution
		Debug|Any CPU = Debug|Any CPU
		Release|Any CPU = Release|Any CPU
	EndGlobalSection
	GlobalSection(ProjectConfigurationPlatforms) = postSolution
		{60F3E584-53DD-404F-8D2B-EDFC79821ABC}.Debug|Any CPU.ActiveCfg = Debug|Any CPU
		{60F3E584-53DD-404F-8D2B-EDFC79821ABC}.Debug|Any CPU.Build.0 = Debug|Any CPU
		{60F3E584-53DD-404F-8D2B-EDFC79821ABC}.Release|Any CPU.ActiveCfg = Release|Any CPU
		{60F3E584-53DD-404F-8D2B-EDFC79821ABC}.Release|Any CPU.Build.0 = Release|Any CPU
	EndGlobalSection
	GlobalSection(SolutionProperties) = preSolution
		HideSolutionNode = FALSE
	EndGlobalSection
	GlobalSection(ExtensibilityGlobals) = postSolution
		SolutionGuid = {CEE6D971-8D8E-4E2A-9FF1-C0FC01CBC290}
	EndGlobalSection
EndGlobal
